
Microsoft Visual Studio Solution File, Format Version 12.00
# Visual Studio 14
VisualStudioVersion = 14.0.25420.1
MinimumVisualStudioVersion = 10.0.40219.1
Project("{8BC9CEB8-8B4A-11D0-8D11-00A0C91BC942}") = "CCDTypeSgm30", "..\plugins\CCDTypeSgm30\CCDTypeSgm30.vcxproj", "{09E06BAB-2D62-44DE-85C8-DF1C7A30D393}"
EndProject
Project("{8BC9CEB8-8B4A-11D0-8D11-00A0C91BC942}") = "CCDTypeDFiled", "..\plugins\CCDTypeDFiled\CCDTypeDFiled.vcxproj", "{AA5A1D77-0549-44DF-9018-97B85FA5E101}"
EndProject
Project("{8BC9CEB8-8B4A-11D0-8D11-00A0C91BC942}") = "CCDDemo", "..\src\CCDDemo\CCDDemo.vcxproj", "{356AD8E5-A409-490F-8074-8F8E00C826FB}"
EndProject
Project("{8BC9CEB8-8B4A-11D0-8D11-00A0C91BC942}") = "CCDTypeA2", "..\plugins\CCDTypeA2\CCDTypeA2.vcxproj", "{79C1D254-E69E-4AA0-AF7C-12E506EFA3DB}"
EndProject
Project("{8BC9CEB8-8B4A-11D0-8D11-00A0C91BC942}") = "CCDTypeA4", "..\plugins\CCDTypeA4\CCDTypeA4.vcxproj", "{D697A4E3-4964-4A6B-98FC-66F158512849}"
EndProject
Project("{8BC9CEB8-8B4A-11D0-8D11-00A0C91BC942}") = "CCDTypeC2", "..\plugins\CCDTypeC2\CCDTypeC2.vcxproj", "{1F2820B5-1EC8-4375-B674-279E17D068D3}"
EndProject
Project("{8BC9CEB8-8B4A-11D0-8D11-00A0C91BC942}") = "CCDTypeVirtual", "..\plugins\CCDTypeVirtual\CCDTypeVirtual.vcxproj", "{A2273AE5-6FF8-4A7A-90B4-425612065D40}"
EndProject
Global
	GlobalSection(SolutionConfigurationPlatforms) = preSolution
		Debug|x64 = Debug|x64
		Debug|x86 = Debug|x86
		Release|x64 = Release|x64
		Release|x86 = Release|x86
	EndGlobalSection
	GlobalSection(ProjectConfigurationPlatforms) = postSolution
		{09E06BAB-2D62-44DE-85C8-DF1C7A30D393}.Debug|x64.ActiveCfg = Debug|x64
		{09E06BAB-2D62-44DE-85C8-DF1C7A30D393}.Debug|x64.Build.0 = Debug|x64
		{09E06BAB-2D62-44DE-85C8-DF1C7A30D393}.Debug|x86.ActiveCfg = Debug|Win32
		{09E06BAB-2D62-44DE-85C8-DF1C7A30D393}.Debug|x86.Build.0 = Debug|Win32
		{09E06BAB-2D62-44DE-85C8-DF1C7A30D393}.Release|x64.ActiveCfg = Release|x64
		{09E06BAB-2D62-44DE-85C8-DF1C7A30D393}.Release|x64.Build.0 = Release|x64
		{09E06BAB-2D62-44DE-85C8-DF1C7A30D393}.Release|x86.ActiveCfg = Release|Win32
		{09E06BAB-2D62-44DE-85C8-DF1C7A30D393}.Release|x86.Build.0 = Release|Win32
		{AA5A1D77-0549-44DF-9018-97B85FA5E101}.Debug|x64.ActiveCfg = Debug|x64
		{AA5A1D77-0549-44DF-9018-97B85FA5E101}.Debug|x64.Build.0 = Debug|x64
		{AA5A1D77-0549-44DF-9018-97B85FA5E101}.Debug|x86.ActiveCfg = Debug|Win32
		{AA5A1D77-0549-44DF-9018-97B85FA5E101}.Debug|x86.Build.0 = Debug|Win32
		{AA5A1D77-0549-44DF-9018-97B85FA5E101}.Release|x64.ActiveCfg = Release|x64
		{AA5A1D77-0549-44DF-9018-97B85FA5E101}.Release|x64.Build.0 = Release|x64
		{AA5A1D77-0549-44DF-9018-97B85FA5E101}.Release|x86.ActiveCfg = Release|Win32
		{AA5A1D77-0549-44DF-9018-97B85FA5E101}.Release|x86.Build.0 = Release|Win32
		{356AD8E5-A409-490F-8074-8F8E00C826FB}.Debug|x64.ActiveCfg = Debug|x64
		{356AD8E5-A409-490F-8074-8F8E00C826FB}.Debug|x64.Build.0 = Debug|x64
		{356AD8E5-A409-490F-8074-8F8E00C826FB}.Debug|x86.ActiveCfg = Debug|Win32
		{356AD8E5-A409-490F-8074-8F8E00C826FB}.Debug|x86.Build.0 = Debug|Win32
		{356AD8E5-A409-490F-8074-8F8E00C826FB}.Release|x64.ActiveCfg = Release|x64
		{356AD8E5-A409-490F-8074-8F8E00C826FB}.Release|x64.Build.0 = Release|x64
		{356AD8E5-A409-490F-8074-8F8E00C826FB}.Release|x86.ActiveCfg = Release|Win32
		{356AD8E5-A409-490F-8074-8F8E00C826FB}.Release|x86.Build.0 = Release|Win32
		{79C1D254-E69E-4AA0-AF7C-12E506EFA3DB}.Debug|x64.ActiveCfg = Debug|x64
		{79C1D254-E69E-4AA0-AF7C-12E506EFA3DB}.Debug|x64.Build.0 = Debug|x64
		{79C1D254-E69E-4AA0-AF7C-12E506EFA3DB}.Debug|x86.ActiveCfg = Debug|Win32
		{79C1D254-E69E-4AA0-AF7C-12E506EFA3DB}.Debug|x86.Build.0 = Debug|Win32
		{79C1D254-E69E-4AA0-AF7C-12E506EFA3DB}.Release|x64.ActiveCfg = Release|x64
		{79C1D254-E69E-4AA0-AF7C-12E506EFA3DB}.Release|x64.Build.0 = Release|x64
		{79C1D254-E69E-4AA0-AF7C-12E506EFA3DB}.Release|x86.ActiveCfg = Release|Win32
		{79C1D254-E69E-4AA0-AF7C-12E506EFA3DB}.Release|x86.Build.0 = Release|Win32
		{D697A4E3-4964-4A6B-98FC-66F158512849}.Debug|x64.ActiveCfg = Debug|x64
		{D697A4E3-4964-4A6B-98FC-66F158512849}.Debug|x64.Build.0 = Debug|x64
		{D697A4E3-4964-4A6B-98FC-66F158512849}.Debug|x86.ActiveCfg = Debug|Win32
		{D697A4E3-4964-4A6B-98FC-66F158512849}.Debug|x86.Build.0 = Debug|Win32
		{D697A4E3-4964-4A6B-98FC-66F158512849}.Release|x64.ActiveCfg = Release|x64
		{D697A4E3-4964-4A6B-98FC-66F158512849}.Release|x64.Build.0 = Release|x64
		{D697A4E3-4964-4A6B-98FC-66F158512849}.Release|x86.ActiveCfg = Release|Win32
		{D697A4E3-4964-4A6B-98FC-66F158512849}.Release|x86.Build.0 = Release|Win32
		{1F2820B5-1EC8-4375-B674-279E17D068D3}.Debug|x64.ActiveCfg = Debug|x64
		{1F2820B5-1EC8-4375-B674-279E17D068D3}.Debug|x64.Build.0 = Debug|x64
		{1F2820B5-1EC8-4375-B674-279E17D068D3}.Debug|x86.ActiveCfg = Debug|Win32
		{1F2820B5-1EC8-4375-B674-279E17D068D3}.Debug|x86.Build.0 = Debug|Win32
		{1F2820B5-1EC8-4375-B674-279E17D068D3}.Release|x64.ActiveCfg = Release|x64
		{1F2820B5-1EC8-4375-B674-279E17D068D3}.Release|x64.Build.0 = Release|x64
		{1F2820B5-1EC8-4375-B674-279E17D068D3}.Release|x86.ActiveCfg = Release|Win32
		{1F2820B5-1EC8-4375-B674-279E17D068D3}.Release|x86.Build.0 = Release|Win32
		{A2273AE5-6FF8-4A7A-90B4-425612065D40}.Debug|x64.ActiveCfg = Debug|x64
		{A2273AE5-6FF8-4A7A-90B4-425612065D40}.Debug|x64.Build.0 = Debug|x64
		{A2273AE5-6FF8-4A7A-90B4-425612065D40}.Debug|x86.ActiveCfg = Debug|Win32
		{A2273AE5-6FF8-4A7A-90B4-425612065D40}.Debug|x86.Build.0 = Debug|Win32
		{A2273AE5-6FF8-4A7A-90B4-425612065D40}.Release|x64.ActiveCfg = Release|x64
		{A2273AE5-6FF8-4A7A-90B4-425612065D40}.Release|x64.Build.0 = Release|x64
		{A2273AE5-6FF8-4A7A-90B4-425612065D40}.Release|x86.ActiveCfg = Release|Win32
		{A2273AE5-6FF8-4A7A-90B4-425612065D40}.Release|x86.Build.0 = Release|Win32
	EndGlobalSection
	GlobalSection(SolutionProperties) = preSolution
		HideSolutionNode = FALSE
	EndGlobalSection
EndGlobal
